
Microsoft Visual Studio Solution File, Format Version 12.00
# Visual Studio Version 17
VisualStudioVersion = 17.5.33424.131
MinimumVisualStudioVersion = 10.0.40219.1
Project("{FAE04EC0-301F-11D3-BF4B-00C04F79EFBC}") = "Toss", "Toss.csproj", "{A411C495-3489-436A-B7B1-4B80282CEE9C}"
EndProject
Global
	GlobalSection(SolutionConfigurationPlatforms) = preSolution
		Debug|Any CPU = Debug|Any CPU
		Release|Any CPU = Release|Any CPU
	EndGlobalSection
	GlobalSection(ProjectConfigurationPlatforms) = postSolution
		{A411C495-3489-436A-B7B1-4B80282CEE9C}.Debug|Any CPU.ActiveCfg = Debug|Any CPU
		{A411C495-3489-436A-B7B1-4B80282CEE9C}.Debug|Any CPU.Build.0 = Debug|Any CPU
		{A411C495-3489-436A-B7B1-4B80282CEE9C}.Release|Any CPU.ActiveCfg = Release|Any CPU
		{A411C495-3489-436A-B7B1-4B80282CEE9C}.Release|Any CPU.Build.0 = Release|Any CPU
	EndGlobalSection
	GlobalSection(SolutionProperties) = preSolution
		HideSolutionNode = FALSE
	EndGlobalSection
	GlobalSection(ExtensibilityGlobals) = postSolution
		SolutionGuid = {ABD748A6-E496-4091-A799-9B7127DDA246}
	EndGlobalSection
EndGlobal
