
Microsoft Visual Studio Solution File, Format Version 12.00
# Visual Studio Version 17
VisualStudioVersion = 17.7.34202.233
MinimumVisualStudioVersion = 10.0.40219.1
Project("{FAE04EC0-301F-11D3-BF4B-00C04F79EFBC}") = "Run_Down_C#", "Run_Down_C#\Run_Down_C#.csproj", "{54757B9F-8656-4C0D-BCAD-646CB643870D}"
EndProject
Global
	GlobalSection(SolutionConfigurationPlatforms) = preSolution
		Debug|Any CPU = Debug|Any CPU
		Release|Any CPU = Release|Any CPU
	EndGlobalSection
	GlobalSection(ProjectConfigurationPlatforms) = postSolution
		{54757B9F-8656-4C0D-BCAD-646CB643870D}.Debug|Any CPU.ActiveCfg = Debug|Any CPU
		{54757B9F-8656-4C0D-BCAD-646CB643870D}.Debug|Any CPU.Build.0 = Debug|Any CPU
		{54757B9F-8656-4C0D-BCAD-646CB643870D}.Release|Any CPU.ActiveCfg = Release|Any CPU
		{54757B9F-8656-4C0D-BCAD-646CB643870D}.Release|Any CPU.Build.0 = Release|Any CPU
	EndGlobalSection
	GlobalSection(SolutionProperties) = preSolution
		HideSolutionNode = FALSE
	EndGlobalSection
	GlobalSection(ExtensibilityGlobals) = postSolution
		SolutionGuid = {0E9DEFA3-6AE0-47C1-8106-0BA0E1608DF5}
	EndGlobalSection
EndGlobal
